
Microsoft Visual Studio Solution File, Format Version 12.00
# Visual Studio Version 17
VisualStudioVersion = 17.7.34031.279
MinimumVisualStudioVersion = 10.0.40219.1
Project("{2150E333-8FDC-42A3-9474-1A3956D46DE8}") = "src", "src", "{788D1DA0-A801-4C59-AA56-18276FA62E0A}"
EndProject
Project("{2150E333-8FDC-42A3-9474-1A3956D46DE8}") = "API", "API", "{F29F6457-E937-4397-914E-2480B9B5DAB7}"
EndProject
Project("{2150E333-8FDC-42A3-9474-1A3956D46DE8}") = "Application", "Application", "{C3C22156-2589-4E82-919C-82579C0F14F8}"
EndProject
Project("{2150E333-8FDC-42A3-9474-1A3956D46DE8}") = "Domain", "Domain", "{52D6E286-577C-407A-8665-29D91A53F59B}"
EndProject
Project("{2150E333-8FDC-42A3-9474-1A3956D46DE8}") = "Infrastructure", "Infrastructure", "{D62E4CB7-B398-4D6B-AC70-263E3BA91396}"
EndProject
Project("{2150E333-8FDC-42A3-9474-1A3956D46DE8}") = "Shared", "Shared", "{5F81B60F-B73E-47E5-90E7-9F03D29409D3}"
EndProject
Project("{2150E333-8FDC-42A3-9474-1A3956D46DE8}") = "Tests", "Tests", "{52DBE282-B708-4165-92EB-19FC492105DD}"
EndProject
Project("{2150E333-8FDC-42A3-9474-1A3956D46DE8}") = "Web", "Web", "{1BC584B0-DB66-4ACE-A52D-732DA82305D7}"
EndProject
Project("{9A19103F-16F7-4668-BE54-9A1E7A4F7556}") = "nexgen.API", "src\nexgen.API\nexgen.API.csproj", "{1362298C-BBC6-49EB-89A2-D7B28B2CBEA8}"
EndProject
Project("{9A19103F-16F7-4668-BE54-9A1E7A4F7556}") = "nexgen.Application", "src\nexgen.Application\nexgen.Application.csproj", "{31D0DDE2-8B84-405B-BCC0-CE22A5A374AA}"
EndProject
Project("{9A19103F-16F7-4668-BE54-9A1E7A4F7556}") = "nexgen.Application.Contracts", "src\nexgen.Application.Contracts\nexgen.Application.Contracts.csproj", "{FEA128D2-8769-4293-851A-C3CAAF597D60}"
EndProject
Project("{9A19103F-16F7-4668-BE54-9A1E7A4F7556}") = "nexgen.Domain", "src\nexgen.Domain\nexgen.Domain.csproj", "{79D8DEDE-A204-4671-8F9F-41479954DF88}"
EndProject
Project("{9A19103F-16F7-4668-BE54-9A1E7A4F7556}") = "nexgen.Infrastructure", "src\nexgen.Infrastructure\nexgen.Infrastructure.csproj", "{0C6030E8-92CD-4E25-BC4D-572E3533B4B1}"
EndProject
Project("{9A19103F-16F7-4668-BE54-9A1E7A4F7556}") = "nexgen.Shared", "src\nexgen.Shared\nexgen.Shared.csproj", "{31C69109-19FF-4317-901B-B26B95034464}"
EndProject
Project("{9A19103F-16F7-4668-BE54-9A1E7A4F7556}") = "nexgen.API.Tests", "src\nexgen.API.Tests\nexgen.API.Tests.csproj", "{9F3415E0-29D2-465A-981B-62DCA7D5576C}"
EndProject
Project("{54A90642-561A-4BB1-A94E-469ADEE60C69}") = "nexgen.Web", "src\nexgen.Web\nexgen.Web.esproj", "{A79713AC-D6D8-4949-9B17-F70A72C6410A}"
EndProject
Project("{9A19103F-16F7-4668-BE54-9A1E7A4F7556}") = "nexgen.AuthService", "src\nexgen.AuthService\nexgen.AuthService.csproj", "{6FFA0E4E-A088-4F1C-9D76-B888A540ECAD}"
EndProject
Project("{FAE04EC0-301F-11D3-BF4B-00C04F79EFBC}") = "nexgen.Web.RazorPages", "src\nexgen.Web.RazorPages\nexgen.Web.RazorPages.csproj", "{DD4FC0FF-83E5-456C-B498-6A9496D35C86}"
EndProject
Global
	GlobalSection(SolutionConfigurationPlatforms) = preSolution
		Debug|Any CPU = Debug|Any CPU
		Release|Any CPU = Release|Any CPU
	EndGlobalSection
	GlobalSection(ProjectConfigurationPlatforms) = postSolution
		{1362298C-BBC6-49EB-89A2-D7B28B2CBEA8}.Debug|Any CPU.ActiveCfg = Debug|Any CPU
		{1362298C-BBC6-49EB-89A2-D7B28B2CBEA8}.Debug|Any CPU.Build.0 = Debug|Any CPU
		{1362298C-BBC6-49EB-89A2-D7B28B2CBEA8}.Release|Any CPU.ActiveCfg = Release|Any CPU
		{1362298C-BBC6-49EB-89A2-D7B28B2CBEA8}.Release|Any CPU.Build.0 = Release|Any CPU
		{31D0DDE2-8B84-405B-BCC0-CE22A5A374AA}.Debug|Any CPU.ActiveCfg = Debug|Any CPU
		{31D0DDE2-8B84-405B-BCC0-CE22A5A374AA}.Debug|Any CPU.Build.0 = Debug|Any CPU
		{31D0DDE2-8B84-405B-BCC0-CE22A5A374AA}.Release|Any CPU.ActiveCfg = Release|Any CPU
		{31D0DDE2-8B84-405B-BCC0-CE22A5A374AA}.Release|Any CPU.Build.0 = Release|Any CPU
		{FEA128D2-8769-4293-851A-C3CAAF597D60}.Debug|Any CPU.ActiveCfg = Debug|Any CPU
		{FEA128D2-8769-4293-851A-C3CAAF597D60}.Debug|Any CPU.Build.0 = Debug|Any CPU
		{FEA128D2-8769-4293-851A-C3CAAF597D60}.Release|Any CPU.ActiveCfg = Release|Any CPU
		{FEA128D2-8769-4293-851A-C3CAAF597D60}.Release|Any CPU.Build.0 = Release|Any CPU
		{79D8DEDE-A204-4671-8F9F-41479954DF88}.Debug|Any CPU.ActiveCfg = Debug|Any CPU
		{79D8DEDE-A204-4671-8F9F-41479954DF88}.Debug|Any CPU.Build.0 = Debug|Any CPU
		{79D8DEDE-A204-4671-8F9F-41479954DF88}.Release|Any CPU.ActiveCfg = Release|Any CPU
		{79D8DEDE-A204-4671-8F9F-41479954DF88}.Release|Any CPU.Build.0 = Release|Any CPU
		{0C6030E8-92CD-4E25-BC4D-572E3533B4B1}.Debug|Any CPU.ActiveCfg = Debug|Any CPU
		{0C6030E8-92CD-4E25-BC4D-572E3533B4B1}.Debug|Any CPU.Build.0 = Debug|Any CPU
		{0C6030E8-92CD-4E25-BC4D-572E3533B4B1}.Release|Any CPU.ActiveCfg = Release|Any CPU
		{0C6030E8-92CD-4E25-BC4D-572E3533B4B1}.Release|Any CPU.Build.0 = Release|Any CPU
		{31C69109-19FF-4317-901B-B26B95034464}.Debug|Any CPU.ActiveCfg = Debug|Any CPU
		{31C69109-19FF-4317-901B-B26B95034464}.Debug|Any CPU.Build.0 = Debug|Any CPU
		{31C69109-19FF-4317-901B-B26B95034464}.Release|Any CPU.ActiveCfg = Release|Any CPU
		{31C69109-19FF-4317-901B-B26B95034464}.Release|Any CPU.Build.0 = Release|Any CPU
		{9F3415E0-29D2-465A-981B-62DCA7D5576C}.Debug|Any CPU.ActiveCfg = Debug|Any CPU
		{9F3415E0-29D2-465A-981B-62DCA7D5576C}.Debug|Any CPU.Build.0 = Debug|Any CPU
		{9F3415E0-29D2-465A-981B-62DCA7D5576C}.Release|Any CPU.ActiveCfg = Release|Any CPU
		{9F3415E0-29D2-465A-981B-62DCA7D5576C}.Release|Any CPU.Build.0 = Release|Any CPU
		{A79713AC-D6D8-4949-9B17-F70A72C6410A}.Debug|Any CPU.ActiveCfg = Debug|Any CPU
		{A79713AC-D6D8-4949-9B17-F70A72C6410A}.Debug|Any CPU.Build.0 = Debug|Any CPU
		{A79713AC-D6D8-4949-9B17-F70A72C6410A}.Debug|Any CPU.Deploy.0 = Debug|Any CPU
		{A79713AC-D6D8-4949-9B17-F70A72C6410A}.Release|Any CPU.ActiveCfg = Release|Any CPU
		{A79713AC-D6D8-4949-9B17-F70A72C6410A}.Release|Any CPU.Build.0 = Release|Any CPU
		{A79713AC-D6D8-4949-9B17-F70A72C6410A}.Release|Any CPU.Deploy.0 = Release|Any CPU
		{6FFA0E4E-A088-4F1C-9D76-B888A540ECAD}.Debug|Any CPU.ActiveCfg = Debug|Any CPU
		{6FFA0E4E-A088-4F1C-9D76-B888A540ECAD}.Debug|Any CPU.Build.0 = Debug|Any CPU
		{6FFA0E4E-A088-4F1C-9D76-B888A540ECAD}.Release|Any CPU.ActiveCfg = Release|Any CPU
		{6FFA0E4E-A088-4F1C-9D76-B888A540ECAD}.Release|Any CPU.Build.0 = Release|Any CPU
		{DD4FC0FF-83E5-456C-B498-6A9496D35C86}.Debug|Any CPU.ActiveCfg = Debug|Any CPU
		{DD4FC0FF-83E5-456C-B498-6A9496D35C86}.Debug|Any CPU.Build.0 = Debug|Any CPU
		{DD4FC0FF-83E5-456C-B498-6A9496D35C86}.Release|Any CPU.ActiveCfg = Release|Any CPU
		{DD4FC0FF-83E5-456C-B498-6A9496D35C86}.Release|Any CPU.Build.0 = Release|Any CPU
	EndGlobalSection
	GlobalSection(SolutionProperties) = preSolution
		HideSolutionNode = FALSE
	EndGlobalSection
	GlobalSection(NestedProjects) = preSolution
		{F29F6457-E937-4397-914E-2480B9B5DAB7} = {788D1DA0-A801-4C59-AA56-18276FA62E0A}
		{C3C22156-2589-4E82-919C-82579C0F14F8} = {788D1DA0-A801-4C59-AA56-18276FA62E0A}
		{52D6E286-577C-407A-8665-29D91A53F59B} = {788D1DA0-A801-4C59-AA56-18276FA62E0A}
		{D62E4CB7-B398-4D6B-AC70-263E3BA91396} = {788D1DA0-A801-4C59-AA56-18276FA62E0A}
		{5F81B60F-B73E-47E5-90E7-9F03D29409D3} = {788D1DA0-A801-4C59-AA56-18276FA62E0A}
		{52DBE282-B708-4165-92EB-19FC492105DD} = {788D1DA0-A801-4C59-AA56-18276FA62E0A}
		{1BC584B0-DB66-4ACE-A52D-732DA82305D7} = {788D1DA0-A801-4C59-AA56-18276FA62E0A}
		{1362298C-BBC6-49EB-89A2-D7B28B2CBEA8} = {F29F6457-E937-4397-914E-2480B9B5DAB7}
		{31D0DDE2-8B84-405B-BCC0-CE22A5A374AA} = {C3C22156-2589-4E82-919C-82579C0F14F8}
		{FEA128D2-8769-4293-851A-C3CAAF597D60} = {C3C22156-2589-4E82-919C-82579C0F14F8}
		{79D8DEDE-A204-4671-8F9F-41479954DF88} = {52D6E286-577C-407A-8665-29D91A53F59B}
		{0C6030E8-92CD-4E25-BC4D-572E3533B4B1} = {D62E4CB7-B398-4D6B-AC70-263E3BA91396}
		{31C69109-19FF-4317-901B-B26B95034464} = {5F81B60F-B73E-47E5-90E7-9F03D29409D3}
		{9F3415E0-29D2-465A-981B-62DCA7D5576C} = {52DBE282-B708-4165-92EB-19FC492105DD}
		{A79713AC-D6D8-4949-9B17-F70A72C6410A} = {1BC584B0-DB66-4ACE-A52D-732DA82305D7}
		{6FFA0E4E-A088-4F1C-9D76-B888A540ECAD} = {F29F6457-E937-4397-914E-2480B9B5DAB7}
		{DD4FC0FF-83E5-456C-B498-6A9496D35C86} = {1BC584B0-DB66-4ACE-A52D-732DA82305D7}
	EndGlobalSection
	GlobalSection(ExtensibilityGlobals) = postSolution
		SolutionGuid = {833EA171-BF04-4381-A348-577F82CFBD6A}
	EndGlobalSection
EndGlobal
